
Microsoft Visual Studio Solution File, Format Version 12.00
# Visual Studio Version 16
VisualStudioVersion = 16.0.29728.190
MinimumVisualStudioVersion = 10.0.40219.1
Project("{9A19103F-16F7-4668-BE54-9A1E7A4F7556}") = "Sample.App", "Sample.App\Sample.App.csproj", "{27A4CF26-8B2E-4936-9C47-25D7B6855B69}"
EndProject
Project("{9A19103F-16F7-4668-BE54-9A1E7A4F7556}") = "Sample.Dal", "Sample.Dal\Sample.Dal.csproj", "{626F45BE-7F1A-431B-AC92-FE167B8FB9AF}"
EndProject
Project("{9A19103F-16F7-4668-BE54-9A1E7A4F7556}") = "Sample.Test", "Sample.Test\Sample.Test.csproj", "{B1BD5202-4B83-48C0-A09A-E867D3E25339}"
EndProject
Project("{9A19103F-16F7-4668-BE54-9A1E7A4F7556}") = "Sample.Shared", "Sample.Shared\Sample.Shared.csproj", "{CDBF9AF1-FB19-4F97-ABCF-E863B16EBEFE}"
EndProject
Project("{FAE04EC0-301F-11D3-BF4B-00C04F79EFBC}") = "Sample.Infrastructure", "Sample.Infrastructure\Sample.Infrastructure.csproj", "{7368E3D7-A62E-4BC6-AEC8-012081C07139}"
EndProject
Global
	GlobalSection(SolutionConfigurationPlatforms) = preSolution
		Debug|Any CPU = Debug|Any CPU
		Release|Any CPU = Release|Any CPU
	EndGlobalSection
	GlobalSection(ProjectConfigurationPlatforms) = postSolution
		{27A4CF26-8B2E-4936-9C47-25D7B6855B69}.Debug|Any CPU.ActiveCfg = Debug|Any CPU
		{27A4CF26-8B2E-4936-9C47-25D7B6855B69}.Debug|Any CPU.Build.0 = Debug|Any CPU
		{27A4CF26-8B2E-4936-9C47-25D7B6855B69}.Release|Any CPU.ActiveCfg = Release|Any CPU
		{27A4CF26-8B2E-4936-9C47-25D7B6855B69}.Release|Any CPU.Build.0 = Release|Any CPU
		{626F45BE-7F1A-431B-AC92-FE167B8FB9AF}.Debug|Any CPU.ActiveCfg = Debug|Any CPU
		{626F45BE-7F1A-431B-AC92-FE167B8FB9AF}.Debug|Any CPU.Build.0 = Debug|Any CPU
		{626F45BE-7F1A-431B-AC92-FE167B8FB9AF}.Release|Any CPU.ActiveCfg = Release|Any CPU
		{626F45BE-7F1A-431B-AC92-FE167B8FB9AF}.Release|Any CPU.Build.0 = Release|Any CPU
		{B1BD5202-4B83-48C0-A09A-E867D3E25339}.Debug|Any CPU.ActiveCfg = Debug|Any CPU
		{B1BD5202-4B83-48C0-A09A-E867D3E25339}.Debug|Any CPU.Build.0 = Debug|Any CPU
		{B1BD5202-4B83-48C0-A09A-E867D3E25339}.Release|Any CPU.ActiveCfg = Release|Any CPU
		{B1BD5202-4B83-48C0-A09A-E867D3E25339}.Release|Any CPU.Build.0 = Release|Any CPU
		{CDBF9AF1-FB19-4F97-ABCF-E863B16EBEFE}.Debug|Any CPU.ActiveCfg = Debug|Any CPU
		{CDBF9AF1-FB19-4F97-ABCF-E863B16EBEFE}.Debug|Any CPU.Build.0 = Debug|Any CPU
		{CDBF9AF1-FB19-4F97-ABCF-E863B16EBEFE}.Release|Any CPU.ActiveCfg = Release|Any CPU
		{CDBF9AF1-FB19-4F97-ABCF-E863B16EBEFE}.Release|Any CPU.Build.0 = Release|Any CPU
		{7368E3D7-A62E-4BC6-AEC8-012081C07139}.Debug|Any CPU.ActiveCfg = Debug|Any CPU
		{7368E3D7-A62E-4BC6-AEC8-012081C07139}.Debug|Any CPU.Build.0 = Debug|Any CPU
		{7368E3D7-A62E-4BC6-AEC8-012081C07139}.Release|Any CPU.ActiveCfg = Release|Any CPU
		{7368E3D7-A62E-4BC6-AEC8-012081C07139}.Release|Any CPU.Build.0 = Release|Any CPU
	EndGlobalSection
	GlobalSection(SolutionProperties) = preSolution
		HideSolutionNode = FALSE
	EndGlobalSection
	GlobalSection(ExtensibilityGlobals) = postSolution
		SolutionGuid = {1917DE7E-E04D-44AD-9CA6-8E3A1CD305EB}
	EndGlobalSection
EndGlobal
